// !$*UTF8*$!
{
	archiveVersion = 1;
	classes = {
	};
	objectVersion = 56;
	objects = {

/* Begin PBXBuildFile section */
		AAAAAAAAAAAAAAAAAAAA0001 /* SportCamApp.swift in Sources */ = {isa = PBXBuildFile; fileRef = BBBBBBBBBBBBBBBBBBBB0001 /* SportCamApp.swift */; };
		AAAAAAAAAAAAAAAAAAAA0002 /* CameraCore.swift in Sources */ = {isa = PBXBuildFile; fileRef = BBBBBBBBBBBBBBBBBBBB0002 /* CameraCore.swift */; };
		AAAAAAAAAAAAAAAAAAAA0003 /* MediaCore.swift in Sources */ = {isa = PBXBuildFile; fileRef = BBBBBBBBBBBBBBBBBBBB0003 /* MediaCore.swift */; };
		AAAAAAAAAAAAAAAAAAAA0004 /* OsmoUI.swift in Sources */ = {isa = PBXBuildFile; fileRef = BBBBBBBBBBBBBBBBBBBB0004 /* OsmoUI.swift */; };
		AAAAAAAAAAAAAAAAAAAA0005 /* WatermarkCore.swift in Sources */ = {isa = PBXBuildFile; fileRef = BBBBBBBBBBBBBBBBBBBB0007 /* WatermarkCore.swift */; };
/* End PBXBuildFile section */

/* Begin PBXFileReference section */
		BBBBBBBBBBBBBBBBBBBB0001 /* SportCamApp.swift */ = {isa = PBXFileReference; lastKnownFileType = sourcecode.swift; path = SportCamApp.swift; sourceTree = "<group>"; };
		BBBBBBBBBBBBBBBBBBBB0002 /* CameraCore.swift */ = {isa = PBXFileReference; lastKnownFileType = sourcecode.swift; path = CameraCore.swift; sourceTree = "<group>"; };
		BBBBBBBBBBBBBBBBBBBB0003 /* MediaCore.swift */ = {isa = PBXFileReference; lastKnownFileType = sourcecode.swift; path = MediaCore.swift; sourceTree = "<group>"; };
		BBBBBBBBBBBBBBBBBBBB0004 /* OsmoUI.swift */ = {isa = PBXFileReference; lastKnownFileType = sourcecode.swift; path = OsmoUI.swift; sourceTree = "<group>"; };
		BBBBBBBBBBBBBBBBBBBB0007 /* WatermarkCore.swift */ = {isa = PBXFileReference; lastKnownFileType = sourcecode.swift; path = WatermarkCore.swift; sourceTree = "<group>"; };
		BBBBBBBBBBBBBBBBBBBB0005 /* Info.plist */ = {isa = PBXFileReference; lastKnownFileType = text.plist.xml; path = Info.plist; sourceTree = "<group>"; };
		BBBBBBBBBBBBBBBBBBBB0006 /* SportCam.app */ = {isa = PBXFileReference; explicitFileType = wrapper.application; includeInIndex = 0; path = SportCam.app; sourceTree = BUILT_PRODUCTS_DIR; };
/* End PBXFileReference section */

/* Begin PBXFrameworksBuildPhase section */
		FFFFFFFFFFFFFFFFFFFF0001 /* Frameworks */ = {
			isa = PBXFrameworksBuildPhase;
			buildActionMask = 2147483647;
			files = (
			);
			runOnlyForDeploymentPostprocessing = 0;
		};
/* End PBXFrameworksBuildPhase section */

/* Begin PBXGroup section */
		CCCCCCCCCCCCCCCCCCCC0001 = {
			isa = PBXGroup;
			children = (
				CCCCCCCCCCCCCCCCCCCC0002 /* SportCam */,
				CCCCCCCCCCCCCCCCCCCC0003 /* Products */,
			);
			sourceTree = "<group>";
		};
		CCCCCCCCCCCCCCCCCCCC0002 /* SportCam */ = {
			isa = PBXGroup;
			children = (
				BBBBBBBBBBBBBBBBBBBB0001 /* SportCamApp.swift */,
				BBBBBBBBBBBBBBBBBBBB0002 /* CameraCore.swift */,
				BBBBBBBBBBBBBBBBBBBB0003 /* MediaCore.swift */,
				BBBBBBBBBBBBBBBBBBBB0004 /* OsmoUI.swift */,
				BBBBBBBBBBBBBBBBBBBB0007 /* WatermarkCore.swift */,
				BBBBBBBBBBBBBBBBBBBB0005 /* Info.plist */,
			);
			path = SportCam;
			sourceTree = "<group>";
		};
		CCCCCCCCCCCCCCCCCCCC0003 /* Products */ = {
			isa = PBXGroup;
			children = (
				BBBBBBBBBBBBBBBBBBBB0006 /* SportCam.app */,
			);
			name = Products;
			sourceTree = "<group>";
		};
/* End PBXGroup section */

/* Begin PBXNativeTarget section */
		DDDDDDDDDDDDDDDDDDDD0001 /* SportCam */ = {
			isa = PBXNativeTarget;
			buildConfigurationList = 111111111111111111110001 /* Build configuration list for PBXNativeTarget "SportCam" */;
			buildPhases = (
				FFFFFFFFFFFFFFFFFFFF0002 /* Sources */,
				FFFFFFFFFFFFFFFFFFFF0001 /* Frameworks */,
				FFFFFFFFFFFFFFFFFFFF0003 /* Resources */,
			);
			buildRules = (
			);
			dependencies = (
			);
			name = SportCam;
			productName = SportCam;
			productReference = BBBBBBBBBBBBBBBBBBBB0006 /* SportCam.app */;
			productType = "com.apple.product-type.application";
		};
/* End PBXNativeTarget section */

/* Begin PBXProject section */
		EEEEEEEEEEEEEEEEEEEE0001 /* Project object */ = {
			isa = PBXProject;
			attributes = {
				BuildIndependentTargetsInParallel = 1;
				LastSwiftUpdateCheck = 1500;
				LastUpgradeCheck = 1500;
				TargetAttributes = {
					DDDDDDDDDDDDDDDDDDDD0001 = {
						CreatedOnToolsVersion = 15.0;
					};
				};
			};
			buildConfigurationList = 111111111111111111110002 /* Build configuration list for PBXProject "SportCam" */;
			compatibilityVersion = "Xcode 14.0";
			developmentRegion = en;
			hasScannedForEncodings = 0;
			knownRegions = (
				en,
				Base,
				"zh-Hans",
			);
			mainGroup = CCCCCCCCCCCCCCCCCCCC0001;
			productRefGroup = CCCCCCCCCCCCCCCCCCCC0003 /* Products */;
			projectDirPath = "";
			projectRoot = "";
			targets = (
				DDDDDDDDDDDDDDDDDDDD0001 /* SportCam */,
			);
		};
/* End PBXProject section */

/* Begin PBXResourcesBuildPhase section */
		FFFFFFFFFFFFFFFFFFFF0003 /* Resources */ = {
			isa = PBXResourcesBuildPhase;
			buildActionMask = 2147483647;
			files = (
			);
			runOnlyForDeploymentPostprocessing = 0;
		};
/* End PBXResourcesBuildPhase section */

/* Begin PBXSourcesBuildPhase section */
		FFFFFFFFFFFFFFFFFFFF0002 /* Sources */ = {
			isa = PBXSourcesBuildPhase;
			buildActionMask = 2147483647;
			files = (
				AAAAAAAAAAAAAAAAAAAA0001 /* SportCamApp.swift in Sources */,
				AAAAAAAAAAAAAAAAAAAA0002 /* CameraCore.swift in Sources */,
				AAAAAAAAAAAAAAAAAAAA0003 /* MediaCore.swift in Sources */,
				AAAAAAAAAAAAAAAAAAAA0004 /* OsmoUI.swift in Sources */,
				AAAAAAAAAAAAAAAAAAAA0005 /* WatermarkCore.swift in Sources */,
			);
			runOnlyForDeploymentPostprocessing = 0;
		};
/* End PBXSourcesBuildPhase section */

/* Begin XCBuildConfiguration section */
		222222222222222222220001 /* Debug */ = {
			isa = XCBuildConfiguration;
			buildSettings = {
				ALWAYS_SEARCH_USER_PATHS = NO;
				CLANG_ENABLE_MODULES = YES;
				CLANG_ENABLE_OBJC_ARC = YES;
				COPY_PHASE_STRIP = NO;
				DEBUG_INFORMATION_FORMAT = dwarf;
				ENABLE_STRICT_OBJC_MSGSEND = YES;
				ENABLE_TESTABILITY = YES;
				GCC_C_LANGUAGE_STANDARD = gnu11;
				GCC_DYNAMIC_NO_PIC = NO;
				GCC_NO_COMMON_BLOCKS = YES;
				GCC_OPTIMIZATION_LEVEL = 0;
				GCC_PREPROCESSOR_DEFINITIONS = (
					"DEBUG=1",
					"$(inherited)",
				);
				IPHONEOS_DEPLOYMENT_TARGET = 14.0;
				MTL_ENABLE_DEBUG_INFO = INCLUDE_SOURCE;
				MTL_FAST_MATH = YES;
				ONLY_ACTIVE_ARCH = YES;
				SDKROOT = iphoneos;
				SWIFT_ACTIVE_COMPILATION_CONDITIONS = DEBUG;
				SWIFT_OPTIMIZATION_LEVEL = "-Onone";
				SWIFT_VERSION = 5.0;
			};
			name = Debug;
		};
		222222222222222222220002 /* Release */ = {
			isa = XCBuildConfiguration;
			buildSettings = {
				ALWAYS_SEARCH_USER_PATHS = NO;
				CLANG_ENABLE_MODULES = YES;
				CLANG_ENABLE_OBJC_ARC = YES;
				COPY_PHASE_STRIP = NO;
				DEBUG_INFORMATION_FORMAT = "dwarf-with-dsym";
				ENABLE_NS_ASSERTIONS = NO;
				ENABLE_STRICT_OBJC_MSGSEND = YES;
				GCC_C_LANGUAGE_STANDARD = gnu11;
				GCC_NO_COMMON_BLOCKS = YES;
				IPHONEOS_DEPLOYMENT_TARGET = 14.0;
				MTL_ENABLE_DEBUG_INFO = NO;
				MTL_FAST_MATH = YES;
				SDKROOT = iphoneos;
				SWIFT_COMPILATION_MODE = wholemodule;
				SWIFT_OPTIMIZATION_LEVEL = "-O";
				SWIFT_VERSION = 5.0;
				VALIDATE_PRODUCT = YES;
			};
			name = Release;
		};
		222222222222222222220003 /* Debug */ = {
			isa = XCBuildConfiguration;
			buildSettings = {
				ASSETCATALOG_COMPILER_GENERATE_ASSET_SYMBOLS = NO;
				CODE_SIGN_STYLE = Automatic;
				CURRENT_PROJECT_VERSION = 1;
				GENERATE_INFOPLIST_FILE = NO;
				INFOPLIST_FILE = SportCam/Info.plist;
				LD_RUNPATH_SEARCH_PATHS = (
					"$(inherited)",
					"@executable_path/Frameworks",
				);
				MARKETING_VERSION = 1.0;
				PRODUCT_BUNDLE_IDENTIFIER = com.sportcam.app;
				PRODUCT_NAME = "$(TARGET_NAME)";
				SWIFT_EMIT_LOC_STRINGS = YES;
				TARGETED_DEVICE_FAMILY = "1,2";
			};
			name = Debug;
		};
		222222222222222222220004 /* Release */ = {
			isa = XCBuildConfiguration;
			buildSettings = {
				ASSETCATALOG_COMPILER_GENERATE_ASSET_SYMBOLS = NO;
				CODE_SIGN_STYLE = Automatic;
				CURRENT_PROJECT_VERSION = 1;
				GENERATE_INFOPLIST_FILE = NO;
				INFOPLIST_FILE = SportCam/Info.plist;
				LD_RUNPATH_SEARCH_PATHS = (
					"$(inherited)",
					"@executable_path/Frameworks",
				);
				MARKETING_VERSION = 1.0;
				PRODUCT_BUNDLE_IDENTIFIER = com.sportcam.app;
				PRODUCT_NAME = "$(TARGET_NAME)";
				SWIFT_EMIT_LOC_STRINGS = YES;
				TARGETED_DEVICE_FAMILY = "1,2";
			};
			name = Release;
		};
/* End XCBuildConfiguration section */

/* Begin XCConfigurationList section */
		111111111111111111110001 /* Build configuration list for PBXNativeTarget "SportCam" */ = {
			isa = XCConfigurationList;
			buildConfigurations = (
				222222222222222222220003 /* Debug */,
				222222222222222222220004 /* Release */,
			);
			defaultConfigurationIsVisible = 0;
			defaultConfigurationName = Release;
		};
		111111111111111111110002 /* Build configuration list for PBXProject "SportCam" */ = {
			isa = XCConfigurationList;
			buildConfigurations = (
				222222222222222222220001 /* Debug */,
				222222222222222222220002 /* Release */,
			);
			defaultConfigurationIsVisible = 0;
			defaultConfigurationName = Release;
		};
/* End XCConfigurationList section */
	};
	rootObject = EEEEEEEEEEEEEEEEEEEE0001 /* Project object */;
}
